<?xml version="1.0" encoding="utf-8"?>
<Project ToolsVersion="4.0" xmlns="http://schemas.microsoft.com/developer/msbuild/2003">
  <ItemGroup>
    <ClCompile Include="Source\Application.cpp" />
    <ClCompile Include="Source\Avatar.cpp" />
    <ClCompile Include="Source\Bag.cpp" />
    <ClCompile Include="Source\Camera.cpp" />
    <ClCompile Include="Source\Camera2.cpp" />
    <ClCompile Include="Source\Camera3.cpp" />
    <ClCompile Include="Source\Enemy.cpp" />
    <ClCompile Include="Source\EnmyAI.cpp" />
    <ClCompile Include="Source\GameObject.cpp" />
    <ClCompile Include="Source\Hero.cpp" />
    <ClCompile Include="Source\LoadOBJ.cpp" />
    <ClCompile Include="Source\LoadTGA.cpp" />
    <ClCompile Include="Source\main.cpp" />
    <ClCompile Include="Source\Mesh.cpp" />
    <ClCompile Include="Source\MeshBuilder.cpp" />
    <ClCompile Include="Source\Assignment.cpp" />
    <ClCompile Include="Source\PowerUp.cpp" />
    <ClCompile Include="Source\PowerUp_Shield.cpp" />
    <ClCompile Include="Source\shader.cpp" />
    <ClCompile Include="Source\Strategy.cpp" />
    <ClCompile Include="Source\Strategy_Escape.cpp" />
    <ClCompile Include="Source\Strategy_Kill.cpp" />
    <ClCompile Include="Source\Tile.cpp" />
    <ClCompile Include="Source\TileMap.cpp" />
    <ClCompile Include="Source\Utility.cpp" />
  </ItemGroup>
  <ItemGroup>
    <ClInclude Include="Source\Application.h" />
    <ClInclude Include="Source\avatar.h" />
    <ClInclude Include="Source\Bag.h" />
    <ClInclude Include="Source\Camera.h" />
    <ClInclude Include="Source\Camera2.h" />
    <ClInclude Include="Source\Camera3.h" />
    <ClInclude Include="Source\Enemy.h" />
    <ClInclude Include="Source\EnemyAI.h" />
    <ClInclude Include="Source\GameObject.h" />
    <ClInclude Include="Source\GeometryType.h" />
    <ClInclude Include="Source\Hero.h" />
    <ClInclude Include="Source\Light.h" />
    <ClInclude Include="Source\LoadOBJ.h" />
    <ClInclude Include="Source\LoadTGA.h" />
    <ClInclude Include="Source\Material.h" />
    <ClInclude Include="Source\Mesh.h" />
    <ClInclude Include="Source\MeshBuilder.h" />
    <ClInclude Include="Source\PowerUp.h" />
    <ClInclude Include="Source\PowerUp_Shield.h" />
    <ClInclude Include="Source\Scene.h" />
    <ClInclude Include="Source\Assignment.h" />
    <ClInclude Include="Source\shader.hpp" />
    <ClInclude Include="Source\SharedData.h" />
    <ClInclude Include="Source\Strategy.h" />
    <ClInclude Include="Source\Strategy_Escape.h" />
    <ClInclude Include="Source\Strategy_Kill.h" />
    <ClInclude Include="Source\Tile.h" />
    <ClInclude Include="Source\TileMap.h" />
    <ClInclude Include="Source\Utility.h" />
    <ClInclude Include="Source\Vertex.h" />
    <ClInclude Include="Source\MapGeneration.h" />
  </ItemGroup>
</Project>