<?xml version="1.0" encoding="utf-8"?>
<Project ToolsVersion="4.0" xmlns="http://schemas.microsoft.com/developer/msbuild/2003">
  <ItemGroup>
    <ClCompile Include="Source\Assignment.cpp" />
    <ClCompile Include="Source\Tile.cpp" />
    <ClCompile Include="Source\TileMap.cpp" />
    <ClCompile Include="Source\Bag.cpp">
      <Filter>Junxiang</Filter>
    </ClCompile>
    <ClCompile Include="Source\Bullet.cpp">
      <Filter>Junxiang</Filter>
    </ClCompile>
    <ClCompile Include="Source\Hero.cpp">
      <Filter>Junxiang</Filter>
    </ClCompile>
    <ClCompile Include="Source\PowerUp.cpp">
      <Filter>Junxiang</Filter>
    </ClCompile>
    <ClCompile Include="Source\PowerUp_Shield.cpp">
      <Filter>Junxiang</Filter>
    </ClCompile>
    <ClCompile Include="Source\PowerUp_Attack.cpp">
      <Filter>Junxiang</Filter>
    </ClCompile>
    <ClCompile Include="source\FiniteStateMachine.cpp">
      <Filter>Nathan</Filter>
    </ClCompile>
    <ClCompile Include="Source\Strategy_Kill.cpp">
      <Filter>Shuyu</Filter>
    </ClCompile>
    <ClCompile Include="Source\Strategy_Escape.cpp">
      <Filter>Shuyu</Filter>
    </ClCompile>
    <ClCompile Include="Source\Strategy.cpp">
      <Filter>Shuyu</Filter>
    </ClCompile>
    <ClCompile Include="Source\MapGenerator.cpp">
      <Filter>TeckLee</Filter>
    </ClCompile>
    <ClCompile Include="Source\MapNode.cpp">
      <Filter>TeckLee</Filter>
    </ClCompile>
    <ClCompile Include="Source\Gate.cpp">
      <Filter>TeckLee</Filter>
    </ClCompile>
    <ClCompile Include="Source\AI_State.cpp">
      <Filter>Shuyu</Filter>
    </ClCompile>
    <ClCompile Include="Source\AI_State_Attack.cpp">
      <Filter>Shuyu</Filter>
    </ClCompile>
    <ClCompile Include="Source\AI_State_Chase.cpp">
      <Filter>Shuyu</Filter>
    </ClCompile>
    <ClCompile Include="Source\AI_State_Idle.cpp">
      <Filter>Shuyu</Filter>
    </ClCompile>
    <ClCompile Include="Source\AI_State_Partol.cpp">
      <Filter>Shuyu</Filter>
    </ClCompile>
    <ClCompile Include="Source\EnemyAI.cpp">
      <Filter>Shuyu</Filter>
    </ClCompile>
    <ClCompile Include="Source\Traps.cpp">
      <Filter>Nathan</Filter>
    </ClCompile>
    <ClCompile Include="Source\PoisonBlock.cpp">
      <Filter>Nathan</Filter>
    </ClCompile>
    <ClCompile Include="Source\SpikeTrap.cpp">
      <Filter>Nathan</Filter>
    </ClCompile>
    <ClCompile Include="Source\Avatar.cpp">
      <Filter>GameObject Hierachy</Filter>
    </ClCompile>
    <ClCompile Include="Source\Collideables.cpp">
      <Filter>GameObject Hierachy</Filter>
    </ClCompile>
    <ClCompile Include="Source\GameObject.cpp">
      <Filter>GameObject Hierachy</Filter>
    </ClCompile>
    <ClCompile Include="Source\Application.cpp">
      <Filter>Essentials</Filter>
    </ClCompile>
    <ClCompile Include="Source\Camera.cpp">
      <Filter>Essentials</Filter>
    </ClCompile>
    <ClCompile Include="Source\Camera2.cpp">
      <Filter>Essentials</Filter>
    </ClCompile>
    <ClCompile Include="Source\Camera3.cpp">
      <Filter>Essentials</Filter>
    </ClCompile>
    <ClCompile Include="Source\LoadOBJ.cpp">
      <Filter>Essentials</Filter>
    </ClCompile>
    <ClCompile Include="Source\LoadTGA.cpp">
      <Filter>Essentials</Filter>
    </ClCompile>
    <ClCompile Include="Source\main.cpp">
      <Filter>Essentials</Filter>
    </ClCompile>
    <ClCompile Include="Source\Mesh.cpp">
      <Filter>Essentials</Filter>
    </ClCompile>
    <ClCompile Include="Source\MeshBuilder.cpp">
      <Filter>Essentials</Filter>
    </ClCompile>
    <ClCompile Include="Source\shader.cpp">
      <Filter>Essentials</Filter>
    </ClCompile>
    <ClCompile Include="Source\Utility.cpp">
      <Filter>Essentials</Filter>
    </ClCompile>
  </ItemGroup>
  <ItemGroup>
    <ClInclude Include="Source\GeometryType.h" />
    <ClInclude Include="Source\Assignment.h" />
    <ClInclude Include="Source\Tile.h" />
    <ClInclude Include="Source\TileMap.h" />
    <ClInclude Include="Source\Bag.h">
      <Filter>Junxiang</Filter>
    </ClInclude>
    <ClInclude Include="Source\Bullet.h">
      <Filter>Junxiang</Filter>
    </ClInclude>
    <ClInclude Include="Source\Hero.h">
      <Filter>Junxiang</Filter>
    </ClInclude>
    <ClInclude Include="Source\PowerUp.h">
      <Filter>Junxiang</Filter>
    </ClInclude>
    <ClInclude Include="Source\PowerUp_Shield.h">
      <Filter>Junxiang</Filter>
    </ClInclude>
    <ClInclude Include="Source\PowerUp_Attack.h">
      <Filter>Junxiang</Filter>
    </ClInclude>
    <ClInclude Include="source\FiniteStatemachine.h">
      <Filter>Nathan</Filter>
    </ClInclude>
    <ClInclude Include="Source\Strategy_Kill.h">
      <Filter>Shuyu</Filter>
    </ClInclude>
    <ClInclude Include="Source\Strategy_Escape.h">
      <Filter>Shuyu</Filter>
    </ClInclude>
    <ClInclude Include="Source\Strategy.h">
      <Filter>Shuyu</Filter>
    </ClInclude>
    <ClInclude Include="Source\SharedData.h">
      <Filter>Shuyu</Filter>
    </ClInclude>
    <ClInclude Include="Source\MapGenerator.h">
      <Filter>TeckLee</Filter>
    </ClInclude>
    <ClInclude Include="Source\MapNode.h">
      <Filter>TeckLee</Filter>
    </ClInclude>
    <ClInclude Include="Source\Gate.h">
      <Filter>TeckLee</Filter>
    </ClInclude>
    <ClInclude Include="Source\AI_State.h">
      <Filter>Shuyu</Filter>
    </ClInclude>
    <ClInclude Include="Source\AI_State_Attack.h">
      <Filter>Shuyu</Filter>
    </ClInclude>
    <ClInclude Include="Source\AI_State_Chase.h">
      <Filter>Shuyu</Filter>
    </ClInclude>
    <ClInclude Include="Source\AI_State_Idle.h">
      <Filter>Shuyu</Filter>
    </ClInclude>
    <ClInclude Include="Source\AI_State_Partol.h">
      <Filter>Shuyu</Filter>
    </ClInclude>
    <ClInclude Include="Source\EnemyAI.h">
      <Filter>Shuyu</Filter>
    </ClInclude>
    <ClInclude Include="Source\Traps.h">
      <Filter>Nathan</Filter>
    </ClInclude>
    <ClInclude Include="Source\PoisonBlock.h">
      <Filter>Nathan</Filter>
    </ClInclude>
    <ClInclude Include="Source\SpikeTrap.h">
      <Filter>Nathan</Filter>
    </ClInclude>
    <ClInclude Include="Source\avatar.h">
      <Filter>GameObject Hierachy</Filter>
    </ClInclude>
    <ClInclude Include="Source\Collideables.h">
      <Filter>GameObject Hierachy</Filter>
    </ClInclude>
    <ClInclude Include="Source\GameObject.h">
      <Filter>GameObject Hierachy</Filter>
    </ClInclude>
    <ClInclude Include="Source\Application.h">
      <Filter>Essentials</Filter>
    </ClInclude>
    <ClInclude Include="Source\Camera.h">
      <Filter>Essentials</Filter>
    </ClInclude>
    <ClInclude Include="Source\Camera2.h">
      <Filter>Essentials</Filter>
    </ClInclude>
    <ClInclude Include="Source\Camera3.h">
      <Filter>Essentials</Filter>
    </ClInclude>
    <ClInclude Include="Source\Light.h">
      <Filter>Essentials</Filter>
    </ClInclude>
    <ClInclude Include="Source\LoadOBJ.h">
      <Filter>Essentials</Filter>
    </ClInclude>
    <ClInclude Include="Source\LoadTGA.h">
      <Filter>Essentials</Filter>
    </ClInclude>
    <ClInclude Include="Source\Material.h">
      <Filter>Essentials</Filter>
    </ClInclude>
    <ClInclude Include="Source\Mesh.h">
      <Filter>Essentials</Filter>
    </ClInclude>
    <ClInclude Include="Source\MeshBuilder.h">
      <Filter>Essentials</Filter>
    </ClInclude>
    <ClInclude Include="Source\Scene.h">
      <Filter>Essentials</Filter>
    </ClInclude>
    <ClInclude Include="Source\shader.hpp">
      <Filter>Essentials</Filter>
    </ClInclude>
    <ClInclude Include="Source\Vertex.h">
      <Filter>Essentials</Filter>
    </ClInclude>
    <ClInclude Include="Source\Utility.h">
      <Filter>Essentials</Filter>
    </ClInclude>
  </ItemGroup>
  <ItemGroup>
    <Filter Include="Junxiang">
      <UniqueIdentifier>{3196c229-0be7-4c57-aa79-9faa5b55c0a4}</UniqueIdentifier>
    </Filter>
    <Filter Include="TeckLee">
      <UniqueIdentifier>{d807f1bc-b2cd-4bbd-80dc-c9a85e74d3b3}</UniqueIdentifier>
    </Filter>
    <Filter Include="Nathan">
      <UniqueIdentifier>{9c999895-1675-45f2-b410-d1b83a89d9b2}</UniqueIdentifier>
    </Filter>
    <Filter Include="Shuyu">
      <UniqueIdentifier>{d87b042e-17c1-4128-bd96-f96337abd16d}</UniqueIdentifier>
    </Filter>
    <Filter Include="GameObject Hierachy">
      <UniqueIdentifier>{9b52f619-2da2-4499-9de2-908011487148}</UniqueIdentifier>
    </Filter>
    <Filter Include="Essentials">
      <UniqueIdentifier>{8175dc9e-760e-444b-81a8-a83409bd350c}</UniqueIdentifier>
    </Filter>
  </ItemGroup>
</Project>